
Microsoft Visual Studio Solution File, Format Version 12.00
# Visual Studio Version 16
VisualStudioVersion = 16.0.32126.315
MinimumVisualStudioVersion = 10.0.40219.1
Project("{FAE04EC0-301F-11D3-BF4B-00C04F79EFBC}") = "TestDemoBDD", "TestDemoBDD.csproj", "{AFAC20E7-0304-468C-B26E-634DABAE8E75}"
EndProject
Global
	GlobalSection(SolutionConfigurationPlatforms) = preSolution
		Debug|Any CPU = Debug|Any CPU
		Release|Any CPU = Release|Any CPU
	EndGlobalSection
	GlobalSection(ProjectConfigurationPlatforms) = postSolution
		{AFAC20E7-0304-468C-B26E-634DABAE8E75}.Debug|Any CPU.ActiveCfg = Debug|Any CPU
		{AFAC20E7-0304-468C-B26E-634DABAE8E75}.Debug|Any CPU.Build.0 = Debug|Any CPU
		{AFAC20E7-0304-468C-B26E-634DABAE8E75}.Release|Any CPU.ActiveCfg = Release|Any CPU
		{AFAC20E7-0304-468C-B26E-634DABAE8E75}.Release|Any CPU.Build.0 = Release|Any CPU
	EndGlobalSection
	GlobalSection(SolutionProperties) = preSolution
		HideSolutionNode = FALSE
	EndGlobalSection
	GlobalSection(ExtensibilityGlobals) = postSolution
		SolutionGuid = {A66FB7C2-A61D-4C3A-97A2-28FD9790E162}
	EndGlobalSection
EndGlobal
